# This file is automatically @generated by Cargo.
# It is not intended for manual editing.
version = 4

[[package]]
name = "brarr-cli"
version = "0.1.0"

[[package]]
name = "brarr-core"
version = "0.1.0"

[[package]]
name = "brarr-decision-service"
version = "0.1.0"

[[package]]
name = "brarr-mediainfo"
version = "0.1.0"

[[package]]
name = "brarr-orchestrator"
version = "0.1.0"

[[package]]
name = "brarr-plugin-host"
version = "0.1.0"

[[package]]
name = "brarr-tracker-unit3d"
version = "0.1.0"
